
Microsoft Visual Studio Solution File, Format Version 12.00
# Visual Studio Version 16
VisualStudioVersion = 16.0.30503.244
MinimumVisualStudioVersion = 10.0.40219.1
Project("{8BC9CEB8-8B4A-11D0-8D11-00A0C91BC942}") = "tree_inorder_iter", "tree_inorder_iter\tree_inorder_iter.vcxproj", "{82E83B46-87DF-4531-8F20-7C2483052A40}"
EndProject
Project("{8BC9CEB8-8B4A-11D0-8D11-00A0C91BC942}") = "tree_level_order", "tree_level_order\tree_level_order.vcxproj", "{62094968-8D14-4C32-BB8C-15549BE6E2C0}"
EndProject
Project("{8BC9CEB8-8B4A-11D0-8D11-00A0C91BC942}") = "tree_evaluate", "tree_evaluate\tree_evaluate.vcxproj", "{5A3641D5-0526-4782-BD37-AFA500941E31}"
EndProject
Project("{8BC9CEB8-8B4A-11D0-8D11-00A0C91BC942}") = "tree_threaded_binary", "tree_threaded_binary\tree_threaded_binary.vcxproj", "{EE4AE15A-97D7-4053-8D83-2DBCB93CB124}"
EndProject
Global
	GlobalSection(SolutionConfigurationPlatforms) = preSolution
		Debug|x64 = Debug|x64
		Debug|x86 = Debug|x86
		Release|x64 = Release|x64
		Release|x86 = Release|x86
	EndGlobalSection
	GlobalSection(ProjectConfigurationPlatforms) = postSolution
		{82E83B46-87DF-4531-8F20-7C2483052A40}.Debug|x64.ActiveCfg = Debug|x64
		{82E83B46-87DF-4531-8F20-7C2483052A40}.Debug|x64.Build.0 = Debug|x64
		{82E83B46-87DF-4531-8F20-7C2483052A40}.Debug|x86.ActiveCfg = Debug|Win32
		{82E83B46-87DF-4531-8F20-7C2483052A40}.Debug|x86.Build.0 = Debug|Win32
		{82E83B46-87DF-4531-8F20-7C2483052A40}.Release|x64.ActiveCfg = Release|x64
		{82E83B46-87DF-4531-8F20-7C2483052A40}.Release|x64.Build.0 = Release|x64
		{82E83B46-87DF-4531-8F20-7C2483052A40}.Release|x86.ActiveCfg = Release|Win32
		{82E83B46-87DF-4531-8F20-7C2483052A40}.Release|x86.Build.0 = Release|Win32
		{62094968-8D14-4C32-BB8C-15549BE6E2C0}.Debug|x64.ActiveCfg = Debug|x64
		{62094968-8D14-4C32-BB8C-15549BE6E2C0}.Debug|x64.Build.0 = Debug|x64
		{62094968-8D14-4C32-BB8C-15549BE6E2C0}.Debug|x86.ActiveCfg = Debug|Win32
		{62094968-8D14-4C32-BB8C-15549BE6E2C0}.Debug|x86.Build.0 = Debug|Win32
		{62094968-8D14-4C32-BB8C-15549BE6E2C0}.Release|x64.ActiveCfg = Release|x64
		{62094968-8D14-4C32-BB8C-15549BE6E2C0}.Release|x64.Build.0 = Release|x64
		{62094968-8D14-4C32-BB8C-15549BE6E2C0}.Release|x86.ActiveCfg = Release|Win32
		{62094968-8D14-4C32-BB8C-15549BE6E2C0}.Release|x86.Build.0 = Release|Win32
		{5A3641D5-0526-4782-BD37-AFA500941E31}.Debug|x64.ActiveCfg = Debug|x64
		{5A3641D5-0526-4782-BD37-AFA500941E31}.Debug|x64.Build.0 = Debug|x64
		{5A3641D5-0526-4782-BD37-AFA500941E31}.Debug|x86.ActiveCfg = Debug|Win32
		{5A3641D5-0526-4782-BD37-AFA500941E31}.Debug|x86.Build.0 = Debug|Win32
		{5A3641D5-0526-4782-BD37-AFA500941E31}.Release|x64.ActiveCfg = Release|x64
		{5A3641D5-0526-4782-BD37-AFA500941E31}.Release|x64.Build.0 = Release|x64
		{5A3641D5-0526-4782-BD37-AFA500941E31}.Release|x86.ActiveCfg = Release|Win32
		{5A3641D5-0526-4782-BD37-AFA500941E31}.Release|x86.Build.0 = Release|Win32
		{EE4AE15A-97D7-4053-8D83-2DBCB93CB124}.Debug|x64.ActiveCfg = Debug|x64
		{EE4AE15A-97D7-4053-8D83-2DBCB93CB124}.Debug|x64.Build.0 = Debug|x64
		{EE4AE15A-97D7-4053-8D83-2DBCB93CB124}.Debug|x86.ActiveCfg = Debug|Win32
		{EE4AE15A-97D7-4053-8D83-2DBCB93CB124}.Debug|x86.Build.0 = Debug|Win32
		{EE4AE15A-97D7-4053-8D83-2DBCB93CB124}.Release|x64.ActiveCfg = Release|x64
		{EE4AE15A-97D7-4053-8D83-2DBCB93CB124}.Release|x64.Build.0 = Release|x64
		{EE4AE15A-97D7-4053-8D83-2DBCB93CB124}.Release|x86.ActiveCfg = Release|Win32
		{EE4AE15A-97D7-4053-8D83-2DBCB93CB124}.Release|x86.Build.0 = Release|Win32
	EndGlobalSection
	GlobalSection(SolutionProperties) = preSolution
		HideSolutionNode = FALSE
	EndGlobalSection
	GlobalSection(ExtensibilityGlobals) = postSolution
		SolutionGuid = {B82DB4A7-226A-410E-A8E4-263C0916BF29}
	EndGlobalSection
EndGlobal
