
Microsoft Visual Studio Solution File, Format Version 12.00
# Visual Studio Version 16
VisualStudioVersion = 16.0.30503.244
MinimumVisualStudioVersion = 10.0.40219.1
Project("{8BC9CEB8-8B4A-11D0-8D11-00A0C91BC942}") = "tree_inorder_iter", "tree_inorder_iter\tree_inorder_iter.vcxproj", "{82E83B46-87DF-4531-8F20-7C2483052A40}"
EndProject
Project("{8BC9CEB8-8B4A-11D0-8D11-00A0C91BC942}") = "tree_level_order", "tree_level_order\tree_level_order.vcxproj", "{62094968-8D14-4C32-BB8C-15549BE6E2C0}"
EndProject
Project("{8BC9CEB8-8B4A-11D0-8D11-00A0C91BC942}") = "tree_evaluate", "tree_evaluate\tree_evaluate.vcxproj", "{5A3641D5-0526-4782-BD37-AFA500941E31}"
EndProject
Project("{8BC9CEB8-8B4A-11D0-8D11-00A0C91BC942}") = "tree_threaded_binary", "tree_threaded_binary\tree_threaded_binary.vcxproj", "{EE4AE15A-97D7-4053-8D83-2DBCB93CB124}"
EndProject
Project("{8BC9CEB8-8B4A-11D0-8D11-00A0C91BC942}") = "Linked_list_stack", "Linked_list_stack\Linked_list_stack.vcxproj", "{B1F80AF9-37AD-4858-94CE-A34FEDF04BF5}"
EndProject
Project("{8BC9CEB8-8B4A-11D0-8D11-00A0C91BC942}") = "Linked_list_queue", "Linked_list_queue\Linked_list_queue.vcxproj", "{E69A8EF7-7B4B-4C66-8865-959F81D93837}"
EndProject
Project("{8BC9CEB8-8B4A-11D0-8D11-00A0C91BC942}") = "tree_op_function", "tree_op_function\tree_op_function.vcxproj", "{957D92BE-D034-4BEA-96C7-88B7DD6EA000}"
EndProject
Project("{8BC9CEB8-8B4A-11D0-8D11-00A0C91BC942}") = "tree_binary_search_tree", "tree_binary_search_tree\tree_binary_search_tree.vcxproj", "{6C181A93-49F4-42E2-8F3F-EF682ADC3867}"
EndProject
Project("{8BC9CEB8-8B4A-11D0-8D11-00A0C91BC942}") = "heap", "heap\heap.vcxproj", "{64339019-86EB-4D05-B68F-54933D73EFB6}"
EndProject
Project("{8BC9CEB8-8B4A-11D0-8D11-00A0C91BC942}") = "heap_sort", "heap_sort\heap_sort.vcxproj", "{8E3D07B9-9865-41B5-9C42-BEDCD84A5528}"
EndProject
Project("{8BC9CEB8-8B4A-11D0-8D11-00A0C91BC942}") = "heap_machine_schedling", "heap_machine_schedling\heap_machine_schedling.vcxproj", "{DE540186-2279-45F4-AB0E-7FD948D906C5}"
EndProject
Global
	GlobalSection(SolutionConfigurationPlatforms) = preSolution
		Debug|x64 = Debug|x64
		Debug|x86 = Debug|x86
		Release|x64 = Release|x64
		Release|x86 = Release|x86
	EndGlobalSection
	GlobalSection(ProjectConfigurationPlatforms) = postSolution
		{82E83B46-87DF-4531-8F20-7C2483052A40}.Debug|x64.ActiveCfg = Debug|x64
		{82E83B46-87DF-4531-8F20-7C2483052A40}.Debug|x64.Build.0 = Debug|x64
		{82E83B46-87DF-4531-8F20-7C2483052A40}.Debug|x86.ActiveCfg = Debug|Win32
		{82E83B46-87DF-4531-8F20-7C2483052A40}.Debug|x86.Build.0 = Debug|Win32
		{82E83B46-87DF-4531-8F20-7C2483052A40}.Release|x64.ActiveCfg = Release|x64
		{82E83B46-87DF-4531-8F20-7C2483052A40}.Release|x64.Build.0 = Release|x64
		{82E83B46-87DF-4531-8F20-7C2483052A40}.Release|x86.ActiveCfg = Release|Win32
		{82E83B46-87DF-4531-8F20-7C2483052A40}.Release|x86.Build.0 = Release|Win32
		{62094968-8D14-4C32-BB8C-15549BE6E2C0}.Debug|x64.ActiveCfg = Debug|x64
		{62094968-8D14-4C32-BB8C-15549BE6E2C0}.Debug|x64.Build.0 = Debug|x64
		{62094968-8D14-4C32-BB8C-15549BE6E2C0}.Debug|x86.ActiveCfg = Debug|Win32
		{62094968-8D14-4C32-BB8C-15549BE6E2C0}.Debug|x86.Build.0 = Debug|Win32
		{62094968-8D14-4C32-BB8C-15549BE6E2C0}.Release|x64.ActiveCfg = Release|x64
		{62094968-8D14-4C32-BB8C-15549BE6E2C0}.Release|x64.Build.0 = Release|x64
		{62094968-8D14-4C32-BB8C-15549BE6E2C0}.Release|x86.ActiveCfg = Release|Win32
		{62094968-8D14-4C32-BB8C-15549BE6E2C0}.Release|x86.Build.0 = Release|Win32
		{5A3641D5-0526-4782-BD37-AFA500941E31}.Debug|x64.ActiveCfg = Debug|x64
		{5A3641D5-0526-4782-BD37-AFA500941E31}.Debug|x64.Build.0 = Debug|x64
		{5A3641D5-0526-4782-BD37-AFA500941E31}.Debug|x86.ActiveCfg = Debug|Win32
		{5A3641D5-0526-4782-BD37-AFA500941E31}.Debug|x86.Build.0 = Debug|Win32
		{5A3641D5-0526-4782-BD37-AFA500941E31}.Release|x64.ActiveCfg = Release|x64
		{5A3641D5-0526-4782-BD37-AFA500941E31}.Release|x64.Build.0 = Release|x64
		{5A3641D5-0526-4782-BD37-AFA500941E31}.Release|x86.ActiveCfg = Release|Win32
		{5A3641D5-0526-4782-BD37-AFA500941E31}.Release|x86.Build.0 = Release|Win32
		{EE4AE15A-97D7-4053-8D83-2DBCB93CB124}.Debug|x64.ActiveCfg = Debug|x64
		{EE4AE15A-97D7-4053-8D83-2DBCB93CB124}.Debug|x64.Build.0 = Debug|x64
		{EE4AE15A-97D7-4053-8D83-2DBCB93CB124}.Debug|x86.ActiveCfg = Debug|Win32
		{EE4AE15A-97D7-4053-8D83-2DBCB93CB124}.Debug|x86.Build.0 = Debug|Win32
		{EE4AE15A-97D7-4053-8D83-2DBCB93CB124}.Release|x64.ActiveCfg = Release|x64
		{EE4AE15A-97D7-4053-8D83-2DBCB93CB124}.Release|x64.Build.0 = Release|x64
		{EE4AE15A-97D7-4053-8D83-2DBCB93CB124}.Release|x86.ActiveCfg = Release|Win32
		{EE4AE15A-97D7-4053-8D83-2DBCB93CB124}.Release|x86.Build.0 = Release|Win32
		{B1F80AF9-37AD-4858-94CE-A34FEDF04BF5}.Debug|x64.ActiveCfg = Debug|x64
		{B1F80AF9-37AD-4858-94CE-A34FEDF04BF5}.Debug|x64.Build.0 = Debug|x64
		{B1F80AF9-37AD-4858-94CE-A34FEDF04BF5}.Debug|x86.ActiveCfg = Debug|Win32
		{B1F80AF9-37AD-4858-94CE-A34FEDF04BF5}.Debug|x86.Build.0 = Debug|Win32
		{B1F80AF9-37AD-4858-94CE-A34FEDF04BF5}.Release|x64.ActiveCfg = Release|x64
		{B1F80AF9-37AD-4858-94CE-A34FEDF04BF5}.Release|x64.Build.0 = Release|x64
		{B1F80AF9-37AD-4858-94CE-A34FEDF04BF5}.Release|x86.ActiveCfg = Release|Win32
		{B1F80AF9-37AD-4858-94CE-A34FEDF04BF5}.Release|x86.Build.0 = Release|Win32
		{E69A8EF7-7B4B-4C66-8865-959F81D93837}.Debug|x64.ActiveCfg = Debug|x64
		{E69A8EF7-7B4B-4C66-8865-959F81D93837}.Debug|x64.Build.0 = Debug|x64
		{E69A8EF7-7B4B-4C66-8865-959F81D93837}.Debug|x86.ActiveCfg = Debug|Win32
		{E69A8EF7-7B4B-4C66-8865-959F81D93837}.Debug|x86.Build.0 = Debug|Win32
		{E69A8EF7-7B4B-4C66-8865-959F81D93837}.Release|x64.ActiveCfg = Release|x64
		{E69A8EF7-7B4B-4C66-8865-959F81D93837}.Release|x64.Build.0 = Release|x64
		{E69A8EF7-7B4B-4C66-8865-959F81D93837}.Release|x86.ActiveCfg = Release|Win32
		{E69A8EF7-7B4B-4C66-8865-959F81D93837}.Release|x86.Build.0 = Release|Win32
		{957D92BE-D034-4BEA-96C7-88B7DD6EA000}.Debug|x64.ActiveCfg = Debug|x64
		{957D92BE-D034-4BEA-96C7-88B7DD6EA000}.Debug|x64.Build.0 = Debug|x64
		{957D92BE-D034-4BEA-96C7-88B7DD6EA000}.Debug|x86.ActiveCfg = Debug|Win32
		{957D92BE-D034-4BEA-96C7-88B7DD6EA000}.Debug|x86.Build.0 = Debug|Win32
		{957D92BE-D034-4BEA-96C7-88B7DD6EA000}.Release|x64.ActiveCfg = Release|x64
		{957D92BE-D034-4BEA-96C7-88B7DD6EA000}.Release|x64.Build.0 = Release|x64
		{957D92BE-D034-4BEA-96C7-88B7DD6EA000}.Release|x86.ActiveCfg = Release|Win32
		{957D92BE-D034-4BEA-96C7-88B7DD6EA000}.Release|x86.Build.0 = Release|Win32
		{6C181A93-49F4-42E2-8F3F-EF682ADC3867}.Debug|x64.ActiveCfg = Debug|x64
		{6C181A93-49F4-42E2-8F3F-EF682ADC3867}.Debug|x64.Build.0 = Debug|x64
		{6C181A93-49F4-42E2-8F3F-EF682ADC3867}.Debug|x86.ActiveCfg = Debug|Win32
		{6C181A93-49F4-42E2-8F3F-EF682ADC3867}.Debug|x86.Build.0 = Debug|Win32
		{6C181A93-49F4-42E2-8F3F-EF682ADC3867}.Release|x64.ActiveCfg = Release|x64
		{6C181A93-49F4-42E2-8F3F-EF682ADC3867}.Release|x64.Build.0 = Release|x64
		{6C181A93-49F4-42E2-8F3F-EF682ADC3867}.Release|x86.ActiveCfg = Release|Win32
		{6C181A93-49F4-42E2-8F3F-EF682ADC3867}.Release|x86.Build.0 = Release|Win32
		{64339019-86EB-4D05-B68F-54933D73EFB6}.Debug|x64.ActiveCfg = Debug|x64
		{64339019-86EB-4D05-B68F-54933D73EFB6}.Debug|x64.Build.0 = Debug|x64
		{64339019-86EB-4D05-B68F-54933D73EFB6}.Debug|x86.ActiveCfg = Debug|Win32
		{64339019-86EB-4D05-B68F-54933D73EFB6}.Debug|x86.Build.0 = Debug|Win32
		{64339019-86EB-4D05-B68F-54933D73EFB6}.Release|x64.ActiveCfg = Release|x64
		{64339019-86EB-4D05-B68F-54933D73EFB6}.Release|x64.Build.0 = Release|x64
		{64339019-86EB-4D05-B68F-54933D73EFB6}.Release|x86.ActiveCfg = Release|Win32
		{64339019-86EB-4D05-B68F-54933D73EFB6}.Release|x86.Build.0 = Release|Win32
		{8E3D07B9-9865-41B5-9C42-BEDCD84A5528}.Debug|x64.ActiveCfg = Debug|x64
		{8E3D07B9-9865-41B5-9C42-BEDCD84A5528}.Debug|x64.Build.0 = Debug|x64
		{8E3D07B9-9865-41B5-9C42-BEDCD84A5528}.Debug|x86.ActiveCfg = Debug|Win32
		{8E3D07B9-9865-41B5-9C42-BEDCD84A5528}.Debug|x86.Build.0 = Debug|Win32
		{8E3D07B9-9865-41B5-9C42-BEDCD84A5528}.Release|x64.ActiveCfg = Release|x64
		{8E3D07B9-9865-41B5-9C42-BEDCD84A5528}.Release|x64.Build.0 = Release|x64
		{8E3D07B9-9865-41B5-9C42-BEDCD84A5528}.Release|x86.ActiveCfg = Release|Win32
		{8E3D07B9-9865-41B5-9C42-BEDCD84A5528}.Release|x86.Build.0 = Release|Win32
		{DE540186-2279-45F4-AB0E-7FD948D906C5}.Debug|x64.ActiveCfg = Debug|x64
		{DE540186-2279-45F4-AB0E-7FD948D906C5}.Debug|x64.Build.0 = Debug|x64
		{DE540186-2279-45F4-AB0E-7FD948D906C5}.Debug|x86.ActiveCfg = Debug|Win32
		{DE540186-2279-45F4-AB0E-7FD948D906C5}.Debug|x86.Build.0 = Debug|Win32
		{DE540186-2279-45F4-AB0E-7FD948D906C5}.Release|x64.ActiveCfg = Release|x64
		{DE540186-2279-45F4-AB0E-7FD948D906C5}.Release|x64.Build.0 = Release|x64
		{DE540186-2279-45F4-AB0E-7FD948D906C5}.Release|x86.ActiveCfg = Release|Win32
		{DE540186-2279-45F4-AB0E-7FD948D906C5}.Release|x86.Build.0 = Release|Win32
	EndGlobalSection
	GlobalSection(SolutionProperties) = preSolution
		HideSolutionNode = FALSE
	EndGlobalSection
	GlobalSection(ExtensibilityGlobals) = postSolution
		SolutionGuid = {B82DB4A7-226A-410E-A8E4-263C0916BF29}
	EndGlobalSection
EndGlobal
