
Microsoft Visual Studio Solution File, Format Version 12.00
# Visual Studio Version 16
VisualStudioVersion = 16.0.30503.244
MinimumVisualStudioVersion = 10.0.40219.1
Project("{8BC9CEB8-8B4A-11D0-8D11-00A0C91BC942}") = "BOJ_10828", "BOJ_10828\BOJ_10828.vcxproj", "{98EFE7F0-DBE9-446C-8AD1-630C97145128}"
EndProject
Project("{2150E333-8FDC-42A3-9474-1A3956D46DE8}") = "stack", "stack", "{4992751C-EF6D-480E-9B4B-48B50B78078F}"
EndProject
Project("{8BC9CEB8-8B4A-11D0-8D11-00A0C91BC942}") = "BOJ_4949", "BOJ_4949\BOJ_4949.vcxproj", "{31EBE2BB-E6BB-4671-8396-816F5E345A89}"
EndProject
Project("{8BC9CEB8-8B4A-11D0-8D11-00A0C91BC942}") = "BOJ_2504", "BOJ_2504\BOJ_2504.vcxproj", "{239E626D-898C-48C1-A5F3-7111766A8A56}"
EndProject
Project("{2150E333-8FDC-42A3-9474-1A3956D46DE8}") = "sort", "sort", "{7E3FEB06-C065-4CDC-B4AB-2A4FFC9D849F}"
EndProject
Project("{8BC9CEB8-8B4A-11D0-8D11-00A0C91BC942}") = "BOJ_2750", "BOJ_2750\BOJ_2750.vcxproj", "{FA680979-B28A-4FAF-81F2-17AE476BC032}"
EndProject
Project("{8BC9CEB8-8B4A-11D0-8D11-00A0C91BC942}") = "BOJ_2751", "BOJ_2751\BOJ_2751.vcxproj", "{A4B269C7-3065-41E9-AE40-8B644C3A5D81}"
EndProject
Project("{8BC9CEB8-8B4A-11D0-8D11-00A0C91BC942}") = "BOJ_10989", "BOJ_10989\BOJ_10989.vcxproj", "{AEAA34B5-04F9-4C2F-A194-7DBE05C07361}"
EndProject
Global
	GlobalSection(SolutionConfigurationPlatforms) = preSolution
		Debug|x64 = Debug|x64
		Debug|x86 = Debug|x86
		Release|x64 = Release|x64
		Release|x86 = Release|x86
	EndGlobalSection
	GlobalSection(ProjectConfigurationPlatforms) = postSolution
		{98EFE7F0-DBE9-446C-8AD1-630C97145128}.Debug|x64.ActiveCfg = Debug|x64
		{98EFE7F0-DBE9-446C-8AD1-630C97145128}.Debug|x64.Build.0 = Debug|x64
		{98EFE7F0-DBE9-446C-8AD1-630C97145128}.Debug|x86.ActiveCfg = Debug|Win32
		{98EFE7F0-DBE9-446C-8AD1-630C97145128}.Debug|x86.Build.0 = Debug|Win32
		{98EFE7F0-DBE9-446C-8AD1-630C97145128}.Release|x64.ActiveCfg = Release|x64
		{98EFE7F0-DBE9-446C-8AD1-630C97145128}.Release|x64.Build.0 = Release|x64
		{98EFE7F0-DBE9-446C-8AD1-630C97145128}.Release|x86.ActiveCfg = Release|Win32
		{98EFE7F0-DBE9-446C-8AD1-630C97145128}.Release|x86.Build.0 = Release|Win32
		{31EBE2BB-E6BB-4671-8396-816F5E345A89}.Debug|x64.ActiveCfg = Debug|x64
		{31EBE2BB-E6BB-4671-8396-816F5E345A89}.Debug|x64.Build.0 = Debug|x64
		{31EBE2BB-E6BB-4671-8396-816F5E345A89}.Debug|x86.ActiveCfg = Debug|Win32
		{31EBE2BB-E6BB-4671-8396-816F5E345A89}.Debug|x86.Build.0 = Debug|Win32
		{31EBE2BB-E6BB-4671-8396-816F5E345A89}.Release|x64.ActiveCfg = Release|x64
		{31EBE2BB-E6BB-4671-8396-816F5E345A89}.Release|x64.Build.0 = Release|x64
		{31EBE2BB-E6BB-4671-8396-816F5E345A89}.Release|x86.ActiveCfg = Release|Win32
		{31EBE2BB-E6BB-4671-8396-816F5E345A89}.Release|x86.Build.0 = Release|Win32
		{239E626D-898C-48C1-A5F3-7111766A8A56}.Debug|x64.ActiveCfg = Debug|x64
		{239E626D-898C-48C1-A5F3-7111766A8A56}.Debug|x64.Build.0 = Debug|x64
		{239E626D-898C-48C1-A5F3-7111766A8A56}.Debug|x86.ActiveCfg = Debug|Win32
		{239E626D-898C-48C1-A5F3-7111766A8A56}.Debug|x86.Build.0 = Debug|Win32
		{239E626D-898C-48C1-A5F3-7111766A8A56}.Release|x64.ActiveCfg = Release|x64
		{239E626D-898C-48C1-A5F3-7111766A8A56}.Release|x64.Build.0 = Release|x64
		{239E626D-898C-48C1-A5F3-7111766A8A56}.Release|x86.ActiveCfg = Release|Win32
		{239E626D-898C-48C1-A5F3-7111766A8A56}.Release|x86.Build.0 = Release|Win32
		{FA680979-B28A-4FAF-81F2-17AE476BC032}.Debug|x64.ActiveCfg = Debug|x64
		{FA680979-B28A-4FAF-81F2-17AE476BC032}.Debug|x64.Build.0 = Debug|x64
		{FA680979-B28A-4FAF-81F2-17AE476BC032}.Debug|x86.ActiveCfg = Debug|Win32
		{FA680979-B28A-4FAF-81F2-17AE476BC032}.Debug|x86.Build.0 = Debug|Win32
		{FA680979-B28A-4FAF-81F2-17AE476BC032}.Release|x64.ActiveCfg = Release|x64
		{FA680979-B28A-4FAF-81F2-17AE476BC032}.Release|x64.Build.0 = Release|x64
		{FA680979-B28A-4FAF-81F2-17AE476BC032}.Release|x86.ActiveCfg = Release|Win32
		{FA680979-B28A-4FAF-81F2-17AE476BC032}.Release|x86.Build.0 = Release|Win32
		{A4B269C7-3065-41E9-AE40-8B644C3A5D81}.Debug|x64.ActiveCfg = Debug|x64
		{A4B269C7-3065-41E9-AE40-8B644C3A5D81}.Debug|x64.Build.0 = Debug|x64
		{A4B269C7-3065-41E9-AE40-8B644C3A5D81}.Debug|x86.ActiveCfg = Debug|Win32
		{A4B269C7-3065-41E9-AE40-8B644C3A5D81}.Debug|x86.Build.0 = Debug|Win32
		{A4B269C7-3065-41E9-AE40-8B644C3A5D81}.Release|x64.ActiveCfg = Release|x64
		{A4B269C7-3065-41E9-AE40-8B644C3A5D81}.Release|x64.Build.0 = Release|x64
		{A4B269C7-3065-41E9-AE40-8B644C3A5D81}.Release|x86.ActiveCfg = Release|Win32
		{A4B269C7-3065-41E9-AE40-8B644C3A5D81}.Release|x86.Build.0 = Release|Win32
		{AEAA34B5-04F9-4C2F-A194-7DBE05C07361}.Debug|x64.ActiveCfg = Debug|x64
		{AEAA34B5-04F9-4C2F-A194-7DBE05C07361}.Debug|x64.Build.0 = Debug|x64
		{AEAA34B5-04F9-4C2F-A194-7DBE05C07361}.Debug|x86.ActiveCfg = Debug|Win32
		{AEAA34B5-04F9-4C2F-A194-7DBE05C07361}.Debug|x86.Build.0 = Debug|Win32
		{AEAA34B5-04F9-4C2F-A194-7DBE05C07361}.Release|x64.ActiveCfg = Release|x64
		{AEAA34B5-04F9-4C2F-A194-7DBE05C07361}.Release|x64.Build.0 = Release|x64
		{AEAA34B5-04F9-4C2F-A194-7DBE05C07361}.Release|x86.ActiveCfg = Release|Win32
		{AEAA34B5-04F9-4C2F-A194-7DBE05C07361}.Release|x86.Build.0 = Release|Win32
	EndGlobalSection
	GlobalSection(SolutionProperties) = preSolution
		HideSolutionNode = FALSE
	EndGlobalSection
	GlobalSection(NestedProjects) = preSolution
		{98EFE7F0-DBE9-446C-8AD1-630C97145128} = {4992751C-EF6D-480E-9B4B-48B50B78078F}
		{31EBE2BB-E6BB-4671-8396-816F5E345A89} = {4992751C-EF6D-480E-9B4B-48B50B78078F}
		{239E626D-898C-48C1-A5F3-7111766A8A56} = {4992751C-EF6D-480E-9B4B-48B50B78078F}
		{FA680979-B28A-4FAF-81F2-17AE476BC032} = {7E3FEB06-C065-4CDC-B4AB-2A4FFC9D849F}
		{A4B269C7-3065-41E9-AE40-8B644C3A5D81} = {7E3FEB06-C065-4CDC-B4AB-2A4FFC9D849F}
		{AEAA34B5-04F9-4C2F-A194-7DBE05C07361} = {7E3FEB06-C065-4CDC-B4AB-2A4FFC9D849F}
	EndGlobalSection
	GlobalSection(ExtensibilityGlobals) = postSolution
		SolutionGuid = {01AD4F7B-CAD0-43FA-AFC1-A3492D08F8A8}
	EndGlobalSection
EndGlobal
