
Microsoft Visual Studio Solution File, Format Version 12.00
# Visual Studio Version 16
VisualStudioVersion = 16.0.30503.244
MinimumVisualStudioVersion = 10.0.40219.1
Project("{2150E333-8FDC-42A3-9474-1A3956D46DE8}") = "stack", "stack", "{4992751C-EF6D-480E-9B4B-48B50B78078F}"
EndProject
Project("{2150E333-8FDC-42A3-9474-1A3956D46DE8}") = "sort", "sort", "{7E3FEB06-C065-4CDC-B4AB-2A4FFC9D849F}"
EndProject
Project("{8BC9CEB8-8B4A-11D0-8D11-00A0C91BC942}") = "BOJ_10989", "Sort\BOJ_10989\BOJ_10989.vcxproj", "{7236805C-1868-43A8-9CF9-4F5D9E5FFE1A}"
EndProject
Project("{8BC9CEB8-8B4A-11D0-8D11-00A0C91BC942}") = "BOJ_1181", "Sort\BOJ_1181\BOJ_1181.vcxproj", "{33229AE6-80B5-4FBE-8A68-06A70D6B9BE9}"
EndProject
Project("{8BC9CEB8-8B4A-11D0-8D11-00A0C91BC942}") = "BOJ_2750", "Sort\BOJ_2750\BOJ_2750.vcxproj", "{43A32D8D-0051-4A6B-8E01-44EE8233DF6C}"
EndProject
Project("{8BC9CEB8-8B4A-11D0-8D11-00A0C91BC942}") = "BOJ_2751", "Sort\BOJ_2751\BOJ_2751.vcxproj", "{0A7C93D7-7446-4070-9D8A-087580802FE2}"
EndProject
Project("{8BC9CEB8-8B4A-11D0-8D11-00A0C91BC942}") = "BOJ_10828", "Stack\BOJ_10828\BOJ_10828.vcxproj", "{1A42E551-C843-4A82-B410-99882FA579AB}"
EndProject
Project("{8BC9CEB8-8B4A-11D0-8D11-00A0C91BC942}") = "BOJ_2504", "Stack\BOJ_2504\BOJ_2504.vcxproj", "{3315E420-D8BC-4506-922E-F9A2CF8FA4E6}"
EndProject
Project("{8BC9CEB8-8B4A-11D0-8D11-00A0C91BC942}") = "BOJ_4949", "Stack\BOJ_4949\BOJ_4949.vcxproj", "{E65AD612-F6E2-4E36-97FD-CFE227BFEDE7}"
EndProject
Project("{2150E333-8FDC-42A3-9474-1A3956D46DE8}") = "queue", "queue", "{86B74906-BB27-49E2-854B-5DE40023BC34}"
EndProject
Project("{8BC9CEB8-8B4A-11D0-8D11-00A0C91BC942}") = "BOJ_10845", "Queue\BOJ_10845\BOJ_10845.vcxproj", "{50B05A91-558E-4D4C-B64A-0DB49150EDCF}"
EndProject
Project("{8BC9CEB8-8B4A-11D0-8D11-00A0C91BC942}") = "BOJ_2164", "Queue\BOJ_2164\BOJ_2164.vcxproj", "{014F438C-6B1C-49AF-9761-82D1D3219FEA}"
EndProject
Project("{2150E333-8FDC-42A3-9474-1A3956D46DE8}") = "deque", "deque", "{E2988E58-2ABE-44F5-B2ED-DD89B0E1900A}"
EndProject
Project("{8BC9CEB8-8B4A-11D0-8D11-00A0C91BC942}") = "BOJ_10866", "Deque\BOJ_10866\BOJ_10866.vcxproj", "{FE83A4AE-DD3C-4961-92A2-1F13C7F11247}"
EndProject
Global
	GlobalSection(SolutionConfigurationPlatforms) = preSolution
		Debug|x64 = Debug|x64
		Debug|x86 = Debug|x86
		Release|x64 = Release|x64
		Release|x86 = Release|x86
	EndGlobalSection
	GlobalSection(ProjectConfigurationPlatforms) = postSolution
		{7236805C-1868-43A8-9CF9-4F5D9E5FFE1A}.Debug|x64.ActiveCfg = Debug|x64
		{7236805C-1868-43A8-9CF9-4F5D9E5FFE1A}.Debug|x64.Build.0 = Debug|x64
		{7236805C-1868-43A8-9CF9-4F5D9E5FFE1A}.Debug|x86.ActiveCfg = Debug|Win32
		{7236805C-1868-43A8-9CF9-4F5D9E5FFE1A}.Debug|x86.Build.0 = Debug|Win32
		{7236805C-1868-43A8-9CF9-4F5D9E5FFE1A}.Release|x64.ActiveCfg = Release|x64
		{7236805C-1868-43A8-9CF9-4F5D9E5FFE1A}.Release|x64.Build.0 = Release|x64
		{7236805C-1868-43A8-9CF9-4F5D9E5FFE1A}.Release|x86.ActiveCfg = Release|Win32
		{7236805C-1868-43A8-9CF9-4F5D9E5FFE1A}.Release|x86.Build.0 = Release|Win32
		{33229AE6-80B5-4FBE-8A68-06A70D6B9BE9}.Debug|x64.ActiveCfg = Debug|x64
		{33229AE6-80B5-4FBE-8A68-06A70D6B9BE9}.Debug|x64.Build.0 = Debug|x64
		{33229AE6-80B5-4FBE-8A68-06A70D6B9BE9}.Debug|x86.ActiveCfg = Debug|Win32
		{33229AE6-80B5-4FBE-8A68-06A70D6B9BE9}.Debug|x86.Build.0 = Debug|Win32
		{33229AE6-80B5-4FBE-8A68-06A70D6B9BE9}.Release|x64.ActiveCfg = Release|x64
		{33229AE6-80B5-4FBE-8A68-06A70D6B9BE9}.Release|x64.Build.0 = Release|x64
		{33229AE6-80B5-4FBE-8A68-06A70D6B9BE9}.Release|x86.ActiveCfg = Release|Win32
		{33229AE6-80B5-4FBE-8A68-06A70D6B9BE9}.Release|x86.Build.0 = Release|Win32
		{43A32D8D-0051-4A6B-8E01-44EE8233DF6C}.Debug|x64.ActiveCfg = Debug|x64
		{43A32D8D-0051-4A6B-8E01-44EE8233DF6C}.Debug|x64.Build.0 = Debug|x64
		{43A32D8D-0051-4A6B-8E01-44EE8233DF6C}.Debug|x86.ActiveCfg = Debug|Win32
		{43A32D8D-0051-4A6B-8E01-44EE8233DF6C}.Debug|x86.Build.0 = Debug|Win32
		{43A32D8D-0051-4A6B-8E01-44EE8233DF6C}.Release|x64.ActiveCfg = Release|x64
		{43A32D8D-0051-4A6B-8E01-44EE8233DF6C}.Release|x64.Build.0 = Release|x64
		{43A32D8D-0051-4A6B-8E01-44EE8233DF6C}.Release|x86.ActiveCfg = Release|Win32
		{43A32D8D-0051-4A6B-8E01-44EE8233DF6C}.Release|x86.Build.0 = Release|Win32
		{0A7C93D7-7446-4070-9D8A-087580802FE2}.Debug|x64.ActiveCfg = Debug|x64
		{0A7C93D7-7446-4070-9D8A-087580802FE2}.Debug|x64.Build.0 = Debug|x64
		{0A7C93D7-7446-4070-9D8A-087580802FE2}.Debug|x86.ActiveCfg = Debug|Win32
		{0A7C93D7-7446-4070-9D8A-087580802FE2}.Debug|x86.Build.0 = Debug|Win32
		{0A7C93D7-7446-4070-9D8A-087580802FE2}.Release|x64.ActiveCfg = Release|x64
		{0A7C93D7-7446-4070-9D8A-087580802FE2}.Release|x64.Build.0 = Release|x64
		{0A7C93D7-7446-4070-9D8A-087580802FE2}.Release|x86.ActiveCfg = Release|Win32
		{0A7C93D7-7446-4070-9D8A-087580802FE2}.Release|x86.Build.0 = Release|Win32
		{1A42E551-C843-4A82-B410-99882FA579AB}.Debug|x64.ActiveCfg = Debug|x64
		{1A42E551-C843-4A82-B410-99882FA579AB}.Debug|x64.Build.0 = Debug|x64
		{1A42E551-C843-4A82-B410-99882FA579AB}.Debug|x86.ActiveCfg = Debug|Win32
		{1A42E551-C843-4A82-B410-99882FA579AB}.Debug|x86.Build.0 = Debug|Win32
		{1A42E551-C843-4A82-B410-99882FA579AB}.Release|x64.ActiveCfg = Release|x64
		{1A42E551-C843-4A82-B410-99882FA579AB}.Release|x64.Build.0 = Release|x64
		{1A42E551-C843-4A82-B410-99882FA579AB}.Release|x86.ActiveCfg = Release|Win32
		{1A42E551-C843-4A82-B410-99882FA579AB}.Release|x86.Build.0 = Release|Win32
		{3315E420-D8BC-4506-922E-F9A2CF8FA4E6}.Debug|x64.ActiveCfg = Debug|x64
		{3315E420-D8BC-4506-922E-F9A2CF8FA4E6}.Debug|x64.Build.0 = Debug|x64
		{3315E420-D8BC-4506-922E-F9A2CF8FA4E6}.Debug|x86.ActiveCfg = Debug|Win32
		{3315E420-D8BC-4506-922E-F9A2CF8FA4E6}.Debug|x86.Build.0 = Debug|Win32
		{3315E420-D8BC-4506-922E-F9A2CF8FA4E6}.Release|x64.ActiveCfg = Release|x64
		{3315E420-D8BC-4506-922E-F9A2CF8FA4E6}.Release|x64.Build.0 = Release|x64
		{3315E420-D8BC-4506-922E-F9A2CF8FA4E6}.Release|x86.ActiveCfg = Release|Win32
		{3315E420-D8BC-4506-922E-F9A2CF8FA4E6}.Release|x86.Build.0 = Release|Win32
		{E65AD612-F6E2-4E36-97FD-CFE227BFEDE7}.Debug|x64.ActiveCfg = Debug|x64
		{E65AD612-F6E2-4E36-97FD-CFE227BFEDE7}.Debug|x64.Build.0 = Debug|x64
		{E65AD612-F6E2-4E36-97FD-CFE227BFEDE7}.Debug|x86.ActiveCfg = Debug|Win32
		{E65AD612-F6E2-4E36-97FD-CFE227BFEDE7}.Debug|x86.Build.0 = Debug|Win32
		{E65AD612-F6E2-4E36-97FD-CFE227BFEDE7}.Release|x64.ActiveCfg = Release|x64
		{E65AD612-F6E2-4E36-97FD-CFE227BFEDE7}.Release|x64.Build.0 = Release|x64
		{E65AD612-F6E2-4E36-97FD-CFE227BFEDE7}.Release|x86.ActiveCfg = Release|Win32
		{E65AD612-F6E2-4E36-97FD-CFE227BFEDE7}.Release|x86.Build.0 = Release|Win32
		{50B05A91-558E-4D4C-B64A-0DB49150EDCF}.Debug|x64.ActiveCfg = Debug|x64
		{50B05A91-558E-4D4C-B64A-0DB49150EDCF}.Debug|x64.Build.0 = Debug|x64
		{50B05A91-558E-4D4C-B64A-0DB49150EDCF}.Debug|x86.ActiveCfg = Debug|Win32
		{50B05A91-558E-4D4C-B64A-0DB49150EDCF}.Debug|x86.Build.0 = Debug|Win32
		{50B05A91-558E-4D4C-B64A-0DB49150EDCF}.Release|x64.ActiveCfg = Release|x64
		{50B05A91-558E-4D4C-B64A-0DB49150EDCF}.Release|x64.Build.0 = Release|x64
		{50B05A91-558E-4D4C-B64A-0DB49150EDCF}.Release|x86.ActiveCfg = Release|Win32
		{50B05A91-558E-4D4C-B64A-0DB49150EDCF}.Release|x86.Build.0 = Release|Win32
		{014F438C-6B1C-49AF-9761-82D1D3219FEA}.Debug|x64.ActiveCfg = Debug|x64
		{014F438C-6B1C-49AF-9761-82D1D3219FEA}.Debug|x64.Build.0 = Debug|x64
		{014F438C-6B1C-49AF-9761-82D1D3219FEA}.Debug|x86.ActiveCfg = Debug|Win32
		{014F438C-6B1C-49AF-9761-82D1D3219FEA}.Debug|x86.Build.0 = Debug|Win32
		{014F438C-6B1C-49AF-9761-82D1D3219FEA}.Release|x64.ActiveCfg = Release|x64
		{014F438C-6B1C-49AF-9761-82D1D3219FEA}.Release|x64.Build.0 = Release|x64
		{014F438C-6B1C-49AF-9761-82D1D3219FEA}.Release|x86.ActiveCfg = Release|Win32
		{014F438C-6B1C-49AF-9761-82D1D3219FEA}.Release|x86.Build.0 = Release|Win32
		{FE83A4AE-DD3C-4961-92A2-1F13C7F11247}.Debug|x64.ActiveCfg = Debug|x64
		{FE83A4AE-DD3C-4961-92A2-1F13C7F11247}.Debug|x64.Build.0 = Debug|x64
		{FE83A4AE-DD3C-4961-92A2-1F13C7F11247}.Debug|x86.ActiveCfg = Debug|Win32
		{FE83A4AE-DD3C-4961-92A2-1F13C7F11247}.Debug|x86.Build.0 = Debug|Win32
		{FE83A4AE-DD3C-4961-92A2-1F13C7F11247}.Release|x64.ActiveCfg = Release|x64
		{FE83A4AE-DD3C-4961-92A2-1F13C7F11247}.Release|x64.Build.0 = Release|x64
		{FE83A4AE-DD3C-4961-92A2-1F13C7F11247}.Release|x86.ActiveCfg = Release|Win32
		{FE83A4AE-DD3C-4961-92A2-1F13C7F11247}.Release|x86.Build.0 = Release|Win32
	EndGlobalSection
	GlobalSection(SolutionProperties) = preSolution
		HideSolutionNode = FALSE
	EndGlobalSection
	GlobalSection(NestedProjects) = preSolution
		{7236805C-1868-43A8-9CF9-4F5D9E5FFE1A} = {7E3FEB06-C065-4CDC-B4AB-2A4FFC9D849F}
		{33229AE6-80B5-4FBE-8A68-06A70D6B9BE9} = {7E3FEB06-C065-4CDC-B4AB-2A4FFC9D849F}
		{43A32D8D-0051-4A6B-8E01-44EE8233DF6C} = {7E3FEB06-C065-4CDC-B4AB-2A4FFC9D849F}
		{0A7C93D7-7446-4070-9D8A-087580802FE2} = {7E3FEB06-C065-4CDC-B4AB-2A4FFC9D849F}
		{1A42E551-C843-4A82-B410-99882FA579AB} = {4992751C-EF6D-480E-9B4B-48B50B78078F}
		{3315E420-D8BC-4506-922E-F9A2CF8FA4E6} = {4992751C-EF6D-480E-9B4B-48B50B78078F}
		{E65AD612-F6E2-4E36-97FD-CFE227BFEDE7} = {4992751C-EF6D-480E-9B4B-48B50B78078F}
		{50B05A91-558E-4D4C-B64A-0DB49150EDCF} = {86B74906-BB27-49E2-854B-5DE40023BC34}
		{014F438C-6B1C-49AF-9761-82D1D3219FEA} = {86B74906-BB27-49E2-854B-5DE40023BC34}
		{FE83A4AE-DD3C-4961-92A2-1F13C7F11247} = {E2988E58-2ABE-44F5-B2ED-DD89B0E1900A}
	EndGlobalSection
	GlobalSection(ExtensibilityGlobals) = postSolution
		SolutionGuid = {01AD4F7B-CAD0-43FA-AFC1-A3492D08F8A8}
	EndGlobalSection
EndGlobal
